GEM
  remote: https://rubygems.org/
  specs:
    ast (2.4.3)
    bigdecimal (3.3.1)
    dotenv (3.1.8)
    extract-repo (1.0.0)
      foobara (< 2.0.0)
      foobara-sh-cli-connector (< 2.0.0)
    foob (0.1.0)
      foobara (>= 0.1.1, < 2.0.0)
      foobara-command-generator (< 2.0.0)
      foobara-domain-generator (< 2.0.0)
      foobara-domain-mapper-generator (< 2.0.0)
      foobara-empty-ruby-project-generator (< 2.0.0)
      foobara-empty-typescript-react-project-generator (< 2.0.0)
      foobara-local-files-crud-driver-generator (< 2.0.0)
      foobara-mcp-connector-generator (< 2.0.0)
      foobara-organization-generator (< 2.0.0)
      foobara-rack-connector-generator (< 2.0.0)
      foobara-redis-crud-driver-generator (< 2.0.0)
      foobara-remote-imports-generator (< 2.0.0)
      foobara-resque-connector-generator (< 2.0.0)
      foobara-resque-scheduler-connector-generator (< 2.0.0)
      foobara-sh-cli-connector (< 2.0.0)
      foobara-sh-cli-connector-generator (< 2.0.0)
      foobara-type-generator (< 2.0.0)
      foobara-typescript-react-command-form-generator (< 2.0.0)
      foobara-typescript-remote-command-generator (< 2.0.0)
    foobara (0.2.5)
      bigdecimal
      foobara-lru-cache (< 2.0.0)
      foobara-util (< 2.0.0)
      inheritable-thread-vars (< 2.0.0)
    foobara-command-generator (0.1.0)
      foobara (>= 0.1.7, < 2.0.0)
      foobara-files-generator (< 2.0.0)
    foobara-domain-generator (0.0.3)
      foobara
      foobara-files-generator
    foobara-domain-mapper-generator (0.0.4)
      foobara
      foobara-files-generator
    foobara-dotenv-loader (0.0.3)
      dotenv
    foobara-empty-ruby-project-generator (1.0.4)
      extract-repo (< 2.0.0)
      foobara (>= 0.1.1, < 2.0.0)
      foobara-files-generator (< 2.0.0)
    foobara-empty-typescript-react-project-generator (0.1.0)
      foobara (>= 0.1.1, < 2.0.0)
      foobara-files-generator (< 2.0.0)
    foobara-files-generator (0.1.1)
      foobara (>= 0.1.1, < 2.0.0)
    foobara-local-files-crud-driver-generator (0.0.3)
      foobara
      foobara-files-generator
    foobara-lru-cache (1.0.0)
    foobara-mcp-connector-generator (0.1.0)
      foobara (>= 0.1.1, < 2.0.0)
      foobara-files-generator (>= 0.1.0, < 2.0.0)
    foobara-organization-generator (0.0.2)
      foobara
      foobara-files-generator
    foobara-rack-connector-generator (0.0.11)
      foobara
      foobara-files-generator
    foobara-redis-crud-driver-generator (0.1.0)
      foobara-files-generator (< 2.0.0)
    foobara-remote-imports (1.1.0)
      foobara (>= 0.1.1, < 2.0.0)
    foobara-remote-imports-generator (0.0.3)
      foobara
      foobara-files-generator
    foobara-resque-connector-generator (0.0.2)
      foobara
      foobara-files-generator
    foobara-resque-scheduler-connector-generator (0.0.2)
      foobara
      foobara-files-generator
    foobara-rubocop-rules (1.0.6)
      rubocop
      rubocop-rspec
    foobara-sh-cli-connector (1.1.0)
      foobara (>= 0.1.1, < 2.0.0)
    foobara-sh-cli-connector-generator (0.1.0)
      foobara (>= 0.1.1)
      foobara-files-generator (< 2.0.0)
    foobara-type-generator (0.0.4)
      foobara
      foobara-files-generator
    foobara-typescript-react-command-form-generator (1.1.1)
      foobara (>= 0.1.1, < 2.0.0)
      foobara-typescript-remote-command-generator (< 2.0.0)
    foobara-typescript-remote-command-generator (1.1.6)
      foobara (>= 0.1.16, < 2.0.0)
      foobara-files-generator (< 2.0.0)
    foobara-util (1.0.3)
    inheritable-thread-vars (0.0.3)
    json (2.15.2)
    language_server-protocol (3.17.0.5)
    lint_roller (1.1.0)
    parallel (1.27.0)
    parser (3.3.10.0)
      ast (~> 2.4.1)
      racc
    prism (1.6.0)
    racc (1.8.1)
    rainbow (3.1.1)
    regexp_parser (2.11.3)
    rubocop (1.81.6)
      json (~> 2.3)
      language_server-protocol (~> 3.17.0.2)
      lint_roller (~> 1.1.0)
      parallel (~> 1.10)
      parser (>= 3.3.0.2)
      rainbow (>= 2.2.2, < 4.0)
      regexp_parser (>= 2.9.3, < 3.0)
      rubocop-ast (>= 1.47.1, < 2.0)
      ruby-progressbar (~> 1.7)
      unicode-display_width (>= 2.4.0, < 4.0)
    rubocop-ast (1.47.1)
      parser (>= 3.3.7.2)
      prism (~> 1.4)
    rubocop-rake (0.7.1)
      lint_roller (~> 1.1)
      rubocop (>= 1.72.1)
    rubocop-rspec (3.7.0)
      lint_roller (~> 1.1)
      rubocop (~> 1.72, >= 1.72.1)
    ruby-progressbar (1.13.0)
    unicode-display_width (3.2.0)
      unicode-emoji (~> 4.1)
    unicode-emoji (4.1.0)

PLATFORMS
  ruby
  x86_64-linux

DEPENDENCIES
  foob
  foobara
  foobara-dotenv-loader
  foobara-remote-imports
  foobara-rubocop-rules
  rubocop-rake

BUNDLED WITH
   2.6.9
